
Microsoft Visual Studio Solution File, Format Version 12.00
# Visual Studio 15
VisualStudioVersion = 15.0.28010.2003
MinimumVisualStudioVersion = 10.0.40219.1
Project("{8BC9CEB8-8B4A-11D0-8D11-00A0C91BC942}") = "VIOSO-Plugin", "DiamontVisionics\VIOSO-Plugin.vcxproj", "{658BDABF-5DE3-42DB-858F-01D6F1232864}"
	ProjectSection(ProjectDependencies) = postProject
		{3ABC932E-A0F3-4F8F-80D9-E5756F57EA64} = {3ABC932E-A0F3-4F8F-80D9-E5756F57EA64}
	EndProjectSection
EndProject
Project("{8BC9CEB8-8B4A-11D0-8D11-00A0C91BC942}") = "VIOSOWarpBlend", "VIOSOWarpBlend\VIOSOWarpBlend\VIOSOWarpBlend.vcxproj", "{3ABC932E-A0F3-4F8F-80D9-E5756F57EA64}"
EndProject
Project("{911E67C6-3D85-4FCE-B560-20A9C3E3FF48}") = "ig", "C:\Program Files\Diamond Visionics\GenesisIG_2.6.1.0\bin\x64\ig.exe", "{66645FFA-B4D0-466F-9BF7-795D3D605578}"
	ProjectSection(DebuggerProjectSystem) = preProject
		PortSupplier = 00000000-0000-0000-0000-000000000000
		Executable = C:\Program Files\Diamond Visionics\GenesisIG_2.6.1.0\bin\x64\ig.exe
		RemoteMachine = PC03-PC
		StartingDirectory = C:\Program Files\Diamond Visionics\GenesisIG_2.6.1.0\bin\x64
		Arguments = .\..\..\config\configuration.ini
		Environment = dvc_grt_no_atmos_clear_color_b=255	dvc_gig_regional_storm_max_horiz_slices=10	dvc_grt_clouds_level=0	localappdata=C:\Users\pc03\AppData\Local	dvc_grt_info_billboard_level=5	dvc_grt_stats_enable_pre_draw_time=0	dvc_gig_regional_storm_max_vert_slices=500	dvc_grt_join_swap_group=0	dvc_grt_stats_frames_to_average=1	comspec=C:\Windows\system32\cmd.exe	programdata=C:\ProgramData	dvc_grt_mutex_timing_only_monitor_draw_thread=1	dvc_grt_max_gpu_timer_ready_requests=2999999	computername=PC03-PC	dvc_gig_volumetric_cirrus_extinction=1.0	dvc_gig_volumetric_cirrus_start_humidity=0.45	dvc_grt_sprite_level=4	vs90comntools=c:\Program Files (x86)\Microsoft Visual Studio 9.0\Common7\Tools\	dvc_gig_volumetric_cirrus_mie_asymmetry=0.87	dvc_grt_remote_debugger_port=32000	dvc_grt_dt_patch_dim=512	dvc_report_all_lock_time=0	dvc_grt_shadows_enabled=0	dvc_grt_terrain_micro_texture_range=400	dvc_gig_regional_storm_color_g=1.0	fps_browser_user_profile_string=Default	dvc_grt_enable_collision_detection=1	dvc_grt_num_threads_reserved_for_scene_detail=3	dvc_gig_regional_storm_grid_length=128	dvc_grt_min_num_threads=1	dvc_gig_volumetric_cumulus_color_g=1.0	dvc_grt_cloud_auto_update_visibility=1	dvc_grt_feature_cluster_level=3	dvc_grt_global_data_root=C:\Program Files\Diamond Visionics\GenesisRTX_10.6.1.0\GenesisRT_Data\global	psmodulepath=C:\Program Files\WindowsPowerShell\Modules;C:\Windows\system32\WindowsPowerShell\v1.0\Modules	dvc_gig_volumetric_cirrus_ambient_light_response=1.0	dvc_grt_fog_turbidity=1.0	dvc_grt_volumetric_clouds_fbo_width=320	dvc_grt_terrain_min_num_fade_frames=30	dvc_gig_regional_storm_noise_persistence=0.75	dvc_gig_volumetric_cirrus_cloud_length=80000	dvc_grt_lightning_max_branches=12	dvc_grt_remote_debugger_address=127.0.0.1	dvc_grt_sprites_use_geometry_shader=1	dvc_grt_light_pool_level=5	dvc_gig_volumetric_cumulus_cloud_width=80000	dvc_grt_num_threads_reserved_for_terrain=3	dvc_gig_volumetric_cirrus_cloud_width=80000	dvc_grt_terrain_grass_default_width=0	dvc_gig_volumetric_cumulus_color_r=1.0	dvc_gig_regional_storm_self_shadow_scale=0.001	dvc_gig_volumetric_cirrus_grid_height=16	dvc_gig_volumetric_cumulus_start_thickness=3000.0	dvc_gig_volumetric_cumulus_seed=0	dvc_grt_log_path=C:\Program Files\Diamond Visionics\GenesisRTX_10.6.1.0/logs	dvc_gig_regional_storm_extinction=1.80	dvc_grt_max_num_threads=32	driverdata=C:\Windows\System32\Drivers\DriverData	fps_browser_app_profile_string=Internet Explorer	dvc_grt_dedicate_threads_to_cores=1	dvc_gig_volumetric_cirrus_noise_period=16	commonprogramfiles=C:\Program Files\Common Files	dvc_grt_default_water=0	dvc_grt_rotor_wash_cull_height=500.0	dvc_grt_particle_sys_sorting_enabled=1	dvc_gig_volumetric_cirrus_noise_persistence=0.75	dvc_gig_config=C:\Program Files\Diamond Visionics\GenesisIG_2.6.1.0	dvc_gig_volumetric_cirrus_bottom_raggedness=0.0	dvc_grt_terrain_max_levels=12	dvc_grt_terrain_max_uploads_per_frame=2	logonserver=\\PC03-PC	dvc_gig_volumetric_cirrus_grid_width=128	username=pc03	dvc_grt_imposter_continuous_update=1	dvc_grt_verify_project_file_names=0	dvc_grt_no_atmos_clear_color_g=240	tmp=C:\Users\pc03\AppData\Local\Temp	dvc_gig_regional_storm_color_r=1.0	dvc_grt_terrain_grass_default_mode=0	dvc_grt_config=C:\Program Files\Diamond Visionics\GenesisRTX_10.6.1.0	dvc_gig_volumetric_cumulus_color_b=1.0	dvc_gig_regional_storm_noise_resolution=8	dvc_grt_lightning_max_glow_width=50	dvc_grt_powerline_level=7	dvc_gig_mission_func_max_num_responses=8	dvc_gig_volumetric_cirrus_fractal_amplitude=0.5	dvc_gig_volumetric_cumulus_secondary_light_response=1.0	dvc_grt_dt_grid_dim=1024	dvc_grt_contrail_segment_length=100.0	dvc_grt_traffic_level=4	commonprogramfiles(x86)=C:\Program Files (x86)\Common Files	dvc_gig_volumetric_cumulus_ambient_light_response=1.0	dvc_grt_haze_turbidity=1.0	dvc_grt_record_stats=0	dvc_grt_lightning_max_vertices=4500	dvc_gig_cigi_reset_mode_blocking=0	dvc_grt_contrail_reset_distance_threshold=500.0	dvc_grt_full_ambient_illumination_elevation=18.66	dvc_grt_stats_enable_draw_time=0	dvc_grt_enable_moving_vegetation_models=0	dvc_gig_volumetric_cumulus_noise_octaves=12	dvc_grt_pbo_size_bytes=4194304	dvc_gig_volumetric_cumulus_extinction=1.80	dvc_gig_volumetric_cirrus_seed=0	dvc_grt_stats_enable_per_frame_update_time=0	dvc_grt_num_threads_per_core=1	dvc_grt_stats_enable_gpu_cloud_timer=0	dvc_gig_regional_storm_color_b=1.0	dvc_grt_terrain_polys_per_edge=20	dvc_gig_root=C:\Program Files\Diamond Visionics\GenesisIG_2.6.1.0	sessionname=Console	dvc_grt_set_flare_smoke_intensity="LIGHT"	dvc_gig_volumetric_cumulus_start_base_elevation=1000.0	dvc_gig_volumetric_cirrus_grid_length=128	programfiles(x86)=C:\Program Files (x86)	dvc_grt_entity_use_imposters=0	dvc_grt_poly_extrusion_level=4	processor_architecture=AMD64	dvc_grt_entity_screen_space_fade_ratio=0.0075	dvc_grt_mutex_timing_report_threshold=.5	dvc_gig_regional_storm_noise_octaves=12	processor_level=6	userdomain_roamingprofile=PC03-PC	dvc_grt_volumetric_clouds_fbo_height=180	dvc_grt_stats_enable_post_window_draw_time=0	userprofile=C:\Users\pc03	dvc_grt_geometry_batch_level=4	os=Windows_NT	dvc_grt_openflight_reprojection_enabled=1	dvc_grt_terrain_max_num_fade_frames=180	dvc_gig_volumetric_cumulus_cloud_length=80000	dvc_gig_volumetric_cumulus_fractal_amplitude=2.5	dvc_gig_volumetric_cumulus_noise_persistence=0.75	dvc_grt_ps_flare_blend_mode=0	dvc_gig_volumetric_cirrus_start_thickness=300.0	dvc_grt_volumetric_clouds_predraw_opaque_to_fbo=0	dvc_gig_volumetric_cumulus_light_response=1.0	dvc_gig_send_to_host_mode=0	systemdrive=C:	dvc_grt_terrain_grass_max_density=5	dvc_gig_volumetric_cirrus_color_g=1.0	dvc_gig_volumetric_cirrus_self_shadow_scale=0.001	dvc_grt_smoke_stack_plume_start_up_velocity=10.0	homepath=\Users\pc03	dvc_gig_volumetric_cirrus_color_b=1.0	dvc_grt_terrain_grass_default_height=0	dvc_grt_terrain_level_to_begin_fast_fade=6	dvc_grt_stats_enable_swap_time=0	dvc_grt_feature_level=3	dvc_grt_ps_muzzle_flash_blend_mode=0	dvc_gig_volumetric_cumulus_noise_period=16	dvc_gig_volumetric_cumulus_max_horiz_slices=10	dvc_gig_volumetric_cirrus_color_r=1.0	dxsdk_dir=C:\Program Files (x86)\Microsoft DirectX SDK (June 2010)\	commonprogramw6432=C:\Program Files\Common Files	dvc_gig_volumetric_cumulus_noise_resolution=8	temp=C:\Users\pc03\AppData\Local\Temp	dvc_gig_volumetric_cirrus_fractal_wavelength=10.0	dvc_grt_overlay_font=C:\Program Files\Diamond Visionics\GenesisRTX_10.6.1.0/data/fonts/LiberationMono-Bold.ttf	dvc_grt_lightning_blueness=0.3	dvc_grt_num_pbos=4	dvc_gig_volumetric_cirrus_max_horiz_slices=5	prompt=$P$G	dvc_gig_use_host_frame_number=1	dvc_gig_volumetric_cumulus_max_vert_slices=500	dvc_grt_flare_lateral_scalar=0.1	dvc_grt_terrain_texture_res=256	dvc_grt_imagery_fade_to_synth_fine_res=5	dvc_grt_shoreline_level=2	dvc_grt_terrain_export_compress_output=1	dvc_grt_stats_enable_post_draw_time=0	dvc_grt_terrain_grass_level=10	dvc_grt_overlay_font_height=13	dvc_grt_imposter_min_pixel_size=2	regional_storm_noise_period=16	dvc_gig_volumetric_cumulus_self_shadow_scale=0.001	java_home=C:\Program Files (x86)\Java\jdk1.8.0_181	dvc_grt_terrain_paging_range=200000	dvc_grt_imposter_resolution=256	dvc_grt_volumetric_clouds_filter_fbo=1	dvc_gig_regional_storm_grid_height=16	dvc_grt_atmosphere_type=2	dvc_gig_regional_storm_seed=0	dvc_grt_entity_preserve_lods=1	dvc_grt_root=C:\Program Files\Diamond Visionics\GenesisRTX_10.6.1.0	dvc_grt_ps_fire_blend_mode=0	programw6432=C:\Program Files	dvc_gig_regional_storm_grid_width=128	processor_revision=3c03	dvc_gig_debug_visualize_collision=0	pathext=.COM;.EXE;.BAT;.CMD;.VBS;.VBE;.JS;.JSE;.WSF;.WSH;.MSC	programfiles=C:\Program Files	dvc_grt_flare_eject_velocity=400.0	systemroot=C:\Windows	dvc_grt_record_stats_start_frame=0	dvc_grt_entity_dof_rotation_order=5	dvc_grt_ps_explosion_blend_mode=0	homedrive=C:	dvc_gig_volumetric_cumulus_bottom_raggedness=0.0	dvc_grt_stats_enable_num_entities=0	dvc_grt_vbo_size=10	dvc_grt_flare_descent_scalar=0.1	dvc_grt_blowing_particulates_patchy_scale=1.0	dvc_grt_terrain_grass_default_density=5	dvc_grt_point_overlay_level=2	dvc_grt_bind_swap_barrier=0	number_of_processors=8	dvc_grt_line_overlay_level=2	dvc_grt_light_point_level=3	dvc_demo_placemarks_file=C:\Program Files\Diamond Visionics\GenesisRTX_10.6.1.0\config\PlaceMarks.txt	dvc_grt_terrain_grass_white_discard_threshold=1.0	dvc_gig_volumetric_cirrus_max_vert_slices=500	onedrive=C:\Users\pc03\OneDrive	dvc_gig_volumetric_cumulus_grid_height=16	dvc_gig_volumetric_cumulus_mie_asymmetry=0.87	dvc_grt_stats_enable_num_polys=0	dvc_gig_volumetric_cirrus_noise_resolution=8	gdal_data=C:\Program Files\Diamond Visionics\GenesisRTX_10.6.1.0/config/gdal/	dvc_grt_no_atmos_clear_color_r=200	dvc_grt_num_draw_cores=2	userdomain=PC03-PC	dvc_grt_particle_update_interval=1	dvc_gig_volumetric_cumulus_fractal_wavelength=30.0	dvc_gig_volumetric_cirrus_light_response=1.0	dvc_grt_ps_plume_blend_mode=1	dvc_grt_id=0	public=C:\Users\Public	dvc_grt_stats_enable_pre_window_draw_time=0	appdata=C:\Users\pc03\AppData\Roaming	dvc_gig_volumetric_cirrus_start_base_elevation=1000.0	dvc_grt_send_stats=0	dvc_grt_no_ambient_illumination_elevation=-1.15	dvc_grt_stats_enable_gpu_timer=0	dvc_gig_volumetric_cumulus_grid_length=128	dvc_grt_max_vbo_size=10000	dvc_grt_terrain_micro_texture_intensity=1	dvc_grt_line_extrusion_level=4	dvc_grt_terrain_grass_default_range=100	dvc_grt_num_gl_pages_per_frame=5	dvc_grt_taxiway_sign_level=6	dvc_grt_particle_sys_max_vis_range=5000.0	dvc_grt_terrain_texture_num_fade_frames=20	path=C:\Program Files\Diamond Visionics\GenesisRTX_10.6.1.0\bin\x64;C:\Program Files\Diamond Visionics\GenesisIG_2.6.1.0\bin\x64;C:\Windows\system32;C:\Windows;C:\Windows\System32\Wbem;C:\Windows\System32\WindowsPowerShell\v1.0\;C:\Windows\System32\OpenSSH\;c:\Program Files (x86)\Microsoft SQL Server\90\Tools\binn\;C:\Program Files\Microsoft Windows Performance Toolkit\;C:\Program Files\dotnet\;C:\Program Files\Microsoft SQL Server\130\Tools\Binn\;C:\Program Files\TortoiseSVN\bin;C:\Program Files (x86)\Gpg4win\..\GnuPG\bin;C:\Users\pc03\AppData\Local\Microsoft\WindowsApps;	dvc_grt_polygon_overlay_level=2	dvc_grt_stats_enable_all_cpu_timers=0	dvc_gig_volumetric_cumulus_start_humidity=0.45	processor_identifier=Intel64 Family 6 Model 60 Stepping 3, GenuineIntel	dvc_grt_var_size=10	dvc_grt_stats_enable_terrain_baking=0	dvc_gig_volumetric_cumulus_grid_width=128	dvc_grt_imagery_fade_to_synth_coarse_res=50	dvc_grt_record_stats_round_trip_threshold=0	dvc_grt_entity_screen_space_cull_ratio=0.0050	dvc_grt_volumetric_clouds_use_fbo=0	allusersprofile=C:\ProgramData	dvc_gig_volumetric_cirrus_secondary_light_response=1.0	dvc_gig_volumetric_cirrus_noise_octaves=12	dvc_grt_contrail_prealloc_verts=10000	
		LaunchingEngine = 00000000-0000-0000-0000-000000000000
		UseLegacyDebugEngines = No
		LaunchSQLEngine = No
		AttachLaunchAction = No
	EndProjectSection
EndProject
Project("{8BC9CEB8-8B4A-11D0-8D11-00A0C91BC942}") = "COPY", "DiamontVisionics\COPY\COPY.vcxproj", "{33C95607-4004-4CE1-A2F3-105ED2312790}"
EndProject
Global
	GlobalSection(SolutionConfigurationPlatforms) = preSolution
		Debug|x64 = Debug|x64
		Debug|x86 = Debug|x86
		Release|x64 = Release|x64
		Release|x86 = Release|x86
		ReleaseTitan|x64 = ReleaseTitan|x64
		ReleaseTitan|x86 = ReleaseTitan|x86
	EndGlobalSection
	GlobalSection(ProjectConfigurationPlatforms) = postSolution
		{658BDABF-5DE3-42DB-858F-01D6F1232864}.Debug|x64.ActiveCfg = Debug|x64
		{658BDABF-5DE3-42DB-858F-01D6F1232864}.Debug|x64.Build.0 = Debug|x64
		{658BDABF-5DE3-42DB-858F-01D6F1232864}.Debug|x86.ActiveCfg = Debug|Win32
		{658BDABF-5DE3-42DB-858F-01D6F1232864}.Debug|x86.Build.0 = Debug|Win32
		{658BDABF-5DE3-42DB-858F-01D6F1232864}.Release|x64.ActiveCfg = Release|x64
		{658BDABF-5DE3-42DB-858F-01D6F1232864}.Release|x64.Build.0 = Release|x64
		{658BDABF-5DE3-42DB-858F-01D6F1232864}.Release|x86.ActiveCfg = Release|Win32
		{658BDABF-5DE3-42DB-858F-01D6F1232864}.Release|x86.Build.0 = Release|Win32
		{658BDABF-5DE3-42DB-858F-01D6F1232864}.ReleaseTitan|x64.ActiveCfg = Release|x64
		{658BDABF-5DE3-42DB-858F-01D6F1232864}.ReleaseTitan|x64.Build.0 = Release|x64
		{658BDABF-5DE3-42DB-858F-01D6F1232864}.ReleaseTitan|x86.ActiveCfg = Release|Win32
		{658BDABF-5DE3-42DB-858F-01D6F1232864}.ReleaseTitan|x86.Build.0 = Release|Win32
		{3ABC932E-A0F3-4F8F-80D9-E5756F57EA64}.Debug|x64.ActiveCfg = Debug|x64
		{3ABC932E-A0F3-4F8F-80D9-E5756F57EA64}.Debug|x64.Build.0 = Debug|x64
		{3ABC932E-A0F3-4F8F-80D9-E5756F57EA64}.Debug|x86.ActiveCfg = Debug|Win32
		{3ABC932E-A0F3-4F8F-80D9-E5756F57EA64}.Debug|x86.Build.0 = Debug|Win32
		{3ABC932E-A0F3-4F8F-80D9-E5756F57EA64}.Release|x64.ActiveCfg = Release|x64
		{3ABC932E-A0F3-4F8F-80D9-E5756F57EA64}.Release|x64.Build.0 = Release|x64
		{3ABC932E-A0F3-4F8F-80D9-E5756F57EA64}.Release|x86.ActiveCfg = Release|Win32
		{3ABC932E-A0F3-4F8F-80D9-E5756F57EA64}.Release|x86.Build.0 = Release|Win32
		{3ABC932E-A0F3-4F8F-80D9-E5756F57EA64}.ReleaseTitan|x64.ActiveCfg = ReleaseTitan|x64
		{3ABC932E-A0F3-4F8F-80D9-E5756F57EA64}.ReleaseTitan|x64.Build.0 = ReleaseTitan|x64
		{3ABC932E-A0F3-4F8F-80D9-E5756F57EA64}.ReleaseTitan|x86.ActiveCfg = ReleaseTitan|Win32
		{3ABC932E-A0F3-4F8F-80D9-E5756F57EA64}.ReleaseTitan|x86.Build.0 = ReleaseTitan|Win32
		{66645FFA-B4D0-466F-9BF7-795D3D605578}.Debug|x64.ActiveCfg = Release
		{66645FFA-B4D0-466F-9BF7-795D3D605578}.Debug|x86.ActiveCfg = Release
		{66645FFA-B4D0-466F-9BF7-795D3D605578}.Release|x64.ActiveCfg = Release
		{66645FFA-B4D0-466F-9BF7-795D3D605578}.Release|x86.ActiveCfg = Release
		{66645FFA-B4D0-466F-9BF7-795D3D605578}.ReleaseTitan|x64.ActiveCfg = Release
		{66645FFA-B4D0-466F-9BF7-795D3D605578}.ReleaseTitan|x86.ActiveCfg = Release
		{33C95607-4004-4CE1-A2F3-105ED2312790}.Debug|x64.ActiveCfg = Debug|x64
		{33C95607-4004-4CE1-A2F3-105ED2312790}.Debug|x86.ActiveCfg = Debug|Win32
		{33C95607-4004-4CE1-A2F3-105ED2312790}.Debug|x86.Build.0 = Debug|Win32
		{33C95607-4004-4CE1-A2F3-105ED2312790}.Release|x64.ActiveCfg = Release|x64
		{33C95607-4004-4CE1-A2F3-105ED2312790}.Release|x64.Build.0 = Release|x64
		{33C95607-4004-4CE1-A2F3-105ED2312790}.Release|x86.ActiveCfg = Release|Win32
		{33C95607-4004-4CE1-A2F3-105ED2312790}.Release|x86.Build.0 = Release|Win32
		{33C95607-4004-4CE1-A2F3-105ED2312790}.ReleaseTitan|x64.ActiveCfg = Release|x64
		{33C95607-4004-4CE1-A2F3-105ED2312790}.ReleaseTitan|x64.Build.0 = Release|x64
		{33C95607-4004-4CE1-A2F3-105ED2312790}.ReleaseTitan|x86.ActiveCfg = Release|Win32
		{33C95607-4004-4CE1-A2F3-105ED2312790}.ReleaseTitan|x86.Build.0 = Release|Win32
	EndGlobalSection
	GlobalSection(SolutionProperties) = preSolution
		HideSolutionNode = FALSE
	EndGlobalSection
	GlobalSection(ExtensibilityGlobals) = postSolution
		SolutionGuid = {9A1C55DF-36FA-481E-96FA-3FC26E74C86D}
	EndGlobalSection
EndGlobal
