
Microsoft Visual Studio Solution File, Format Version 12.00
# Visual Studio Version 17
VisualStudioVersion = 17.11.35327.3
MinimumVisualStudioVersion = 10.0.40219.1
Project("{8BC9CEB8-8B4A-11D0-8D11-00A0C91BC942}") = "VIOSO-Plugin", "DiamontVisionics\VIOSO-Plugin.vcxproj", "{658BDABF-5DE3-42DB-858F-01D6F1232864}"
	ProjectSection(ProjectDependencies) = postProject
		{3ABC932E-A0F3-4F8F-80D9-E5756F57EA64} = {3ABC932E-A0F3-4F8F-80D9-E5756F57EA64}
	EndProjectSection
EndProject
Project("{8BC9CEB8-8B4A-11D0-8D11-00A0C91BC942}") = "VIOSOWarpBlend", "..\vioso_api\VIOSOWarpBlend\VIOSOWarpBlend.vcxproj", "{3ABC932E-A0F3-4F8F-80D9-E5756F57EA64}"
EndProject
Global
	GlobalSection(SolutionConfigurationPlatforms) = preSolution
		Debug BlueIG|x64 = Debug BlueIG|x64
		Debug BlueIG|x86 = Debug BlueIG|x86
		Debug Unity|x64 = Debug Unity|x64
		Debug Unity|x86 = Debug Unity|x86
		Debug vvvv|x64 = Debug vvvv|x64
		Debug vvvv|x86 = Debug vvvv|x86
		Debug X-Plane|x64 = Debug X-Plane|x64
		Debug X-Plane|x86 = Debug X-Plane|x86
		Debug_Mantis|x64 = Debug_Mantis|x64
		Debug_Mantis|x86 = Debug_Mantis|x86
		Debug_Omniwarp|x64 = Debug_Omniwarp|x64
		Debug_Omniwarp|x86 = Debug_Omniwarp|x86
		Debug|x64 = Debug|x64
		Debug|x86 = Debug|x86
		Release Unity|x64 = Release Unity|x64
		Release Unity|x86 = Release Unity|x86
		Release Win7|x64 = Release Win7|x64
		Release Win7|x86 = Release Win7|x86
		Release|x64 = Release|x64
		Release|x86 = Release|x86
		ReleaseTitan|x64 = ReleaseTitan|x64
		ReleaseTitan|x86 = ReleaseTitan|x86
	EndGlobalSection
	GlobalSection(ProjectConfigurationPlatforms) = postSolution
		{658BDABF-5DE3-42DB-858F-01D6F1232864}.Debug BlueIG|x64.ActiveCfg = Debug|x64
		{658BDABF-5DE3-42DB-858F-01D6F1232864}.Debug BlueIG|x64.Build.0 = Debug|x64
		{658BDABF-5DE3-42DB-858F-01D6F1232864}.Debug BlueIG|x86.ActiveCfg = Debug|Win32
		{658BDABF-5DE3-42DB-858F-01D6F1232864}.Debug BlueIG|x86.Build.0 = Debug|Win32
		{658BDABF-5DE3-42DB-858F-01D6F1232864}.Debug Unity|x64.ActiveCfg = Debug|x64
		{658BDABF-5DE3-42DB-858F-01D6F1232864}.Debug Unity|x64.Build.0 = Debug|x64
		{658BDABF-5DE3-42DB-858F-01D6F1232864}.Debug Unity|x86.ActiveCfg = Debug|Win32
		{658BDABF-5DE3-42DB-858F-01D6F1232864}.Debug Unity|x86.Build.0 = Debug|Win32
		{658BDABF-5DE3-42DB-858F-01D6F1232864}.Debug vvvv|x64.ActiveCfg = Debug|x64
		{658BDABF-5DE3-42DB-858F-01D6F1232864}.Debug vvvv|x64.Build.0 = Debug|x64
		{658BDABF-5DE3-42DB-858F-01D6F1232864}.Debug vvvv|x86.ActiveCfg = Debug|Win32
		{658BDABF-5DE3-42DB-858F-01D6F1232864}.Debug vvvv|x86.Build.0 = Debug|Win32
		{658BDABF-5DE3-42DB-858F-01D6F1232864}.Debug X-Plane|x64.ActiveCfg = Debug|x64
		{658BDABF-5DE3-42DB-858F-01D6F1232864}.Debug X-Plane|x64.Build.0 = Debug|x64
		{658BDABF-5DE3-42DB-858F-01D6F1232864}.Debug X-Plane|x86.ActiveCfg = Debug|Win32
		{658BDABF-5DE3-42DB-858F-01D6F1232864}.Debug X-Plane|x86.Build.0 = Debug|Win32
		{658BDABF-5DE3-42DB-858F-01D6F1232864}.Debug_Mantis|x64.ActiveCfg = Debug|x64
		{658BDABF-5DE3-42DB-858F-01D6F1232864}.Debug_Mantis|x64.Build.0 = Debug|x64
		{658BDABF-5DE3-42DB-858F-01D6F1232864}.Debug_Mantis|x86.ActiveCfg = Debug|Win32
		{658BDABF-5DE3-42DB-858F-01D6F1232864}.Debug_Mantis|x86.Build.0 = Debug|Win32
		{658BDABF-5DE3-42DB-858F-01D6F1232864}.Debug_Omniwarp|x64.ActiveCfg = Debug|x64
		{658BDABF-5DE3-42DB-858F-01D6F1232864}.Debug_Omniwarp|x64.Build.0 = Debug|x64
		{658BDABF-5DE3-42DB-858F-01D6F1232864}.Debug_Omniwarp|x86.ActiveCfg = Debug|Win32
		{658BDABF-5DE3-42DB-858F-01D6F1232864}.Debug_Omniwarp|x86.Build.0 = Debug|Win32
		{658BDABF-5DE3-42DB-858F-01D6F1232864}.Debug|x64.ActiveCfg = Debug|x64
		{658BDABF-5DE3-42DB-858F-01D6F1232864}.Debug|x64.Build.0 = Debug|x64
		{658BDABF-5DE3-42DB-858F-01D6F1232864}.Debug|x86.ActiveCfg = Debug|Win32
		{658BDABF-5DE3-42DB-858F-01D6F1232864}.Debug|x86.Build.0 = Debug|Win32
		{658BDABF-5DE3-42DB-858F-01D6F1232864}.Release Unity|x64.ActiveCfg = Release|x64
		{658BDABF-5DE3-42DB-858F-01D6F1232864}.Release Unity|x64.Build.0 = Release|x64
		{658BDABF-5DE3-42DB-858F-01D6F1232864}.Release Unity|x86.ActiveCfg = Release|Win32
		{658BDABF-5DE3-42DB-858F-01D6F1232864}.Release Unity|x86.Build.0 = Release|Win32
		{658BDABF-5DE3-42DB-858F-01D6F1232864}.Release Win7|x64.ActiveCfg = Release|x64
		{658BDABF-5DE3-42DB-858F-01D6F1232864}.Release Win7|x64.Build.0 = Release|x64
		{658BDABF-5DE3-42DB-858F-01D6F1232864}.Release Win7|x86.ActiveCfg = Release|Win32
		{658BDABF-5DE3-42DB-858F-01D6F1232864}.Release Win7|x86.Build.0 = Release|Win32
		{658BDABF-5DE3-42DB-858F-01D6F1232864}.Release|x64.ActiveCfg = Release|x64
		{658BDABF-5DE3-42DB-858F-01D6F1232864}.Release|x64.Build.0 = Release|x64
		{658BDABF-5DE3-42DB-858F-01D6F1232864}.Release|x86.ActiveCfg = Release|Win32
		{658BDABF-5DE3-42DB-858F-01D6F1232864}.Release|x86.Build.0 = Release|Win32
		{658BDABF-5DE3-42DB-858F-01D6F1232864}.ReleaseTitan|x64.ActiveCfg = Release|x64
		{658BDABF-5DE3-42DB-858F-01D6F1232864}.ReleaseTitan|x64.Build.0 = Release|x64
		{658BDABF-5DE3-42DB-858F-01D6F1232864}.ReleaseTitan|x86.ActiveCfg = Release|Win32
		{658BDABF-5DE3-42DB-858F-01D6F1232864}.ReleaseTitan|x86.Build.0 = Release|Win32
		{3ABC932E-A0F3-4F8F-80D9-E5756F57EA64}.Debug BlueIG|x64.ActiveCfg = Debug BlueIG|x64
		{3ABC932E-A0F3-4F8F-80D9-E5756F57EA64}.Debug BlueIG|x64.Build.0 = Debug BlueIG|x64
		{3ABC932E-A0F3-4F8F-80D9-E5756F57EA64}.Debug BlueIG|x86.ActiveCfg = Debug BlueIG|Win32
		{3ABC932E-A0F3-4F8F-80D9-E5756F57EA64}.Debug BlueIG|x86.Build.0 = Debug BlueIG|Win32
		{3ABC932E-A0F3-4F8F-80D9-E5756F57EA64}.Debug Unity|x64.ActiveCfg = Debug Unity|x64
		{3ABC932E-A0F3-4F8F-80D9-E5756F57EA64}.Debug Unity|x64.Build.0 = Debug Unity|x64
		{3ABC932E-A0F3-4F8F-80D9-E5756F57EA64}.Debug Unity|x86.ActiveCfg = Debug Unity|Win32
		{3ABC932E-A0F3-4F8F-80D9-E5756F57EA64}.Debug Unity|x86.Build.0 = Debug Unity|Win32
		{3ABC932E-A0F3-4F8F-80D9-E5756F57EA64}.Debug vvvv|x64.ActiveCfg = Debug vvvv|x64
		{3ABC932E-A0F3-4F8F-80D9-E5756F57EA64}.Debug vvvv|x64.Build.0 = Debug vvvv|x64
		{3ABC932E-A0F3-4F8F-80D9-E5756F57EA64}.Debug vvvv|x86.ActiveCfg = Debug vvvv|Win32
		{3ABC932E-A0F3-4F8F-80D9-E5756F57EA64}.Debug vvvv|x86.Build.0 = Debug vvvv|Win32
		{3ABC932E-A0F3-4F8F-80D9-E5756F57EA64}.Debug X-Plane|x64.ActiveCfg = Debug X-Plane|x64
		{3ABC932E-A0F3-4F8F-80D9-E5756F57EA64}.Debug X-Plane|x64.Build.0 = Debug X-Plane|x64
		{3ABC932E-A0F3-4F8F-80D9-E5756F57EA64}.Debug X-Plane|x86.ActiveCfg = Debug X-Plane|Win32
		{3ABC932E-A0F3-4F8F-80D9-E5756F57EA64}.Debug X-Plane|x86.Build.0 = Debug X-Plane|Win32
		{3ABC932E-A0F3-4F8F-80D9-E5756F57EA64}.Debug_Mantis|x64.ActiveCfg = Debug_Mantis|x64
		{3ABC932E-A0F3-4F8F-80D9-E5756F57EA64}.Debug_Mantis|x64.Build.0 = Debug_Mantis|x64
		{3ABC932E-A0F3-4F8F-80D9-E5756F57EA64}.Debug_Mantis|x86.ActiveCfg = Debug_Mantis|Win32
		{3ABC932E-A0F3-4F8F-80D9-E5756F57EA64}.Debug_Mantis|x86.Build.0 = Debug_Mantis|Win32
		{3ABC932E-A0F3-4F8F-80D9-E5756F57EA64}.Debug_Omniwarp|x64.ActiveCfg = Debug_Omniwarp|x64
		{3ABC932E-A0F3-4F8F-80D9-E5756F57EA64}.Debug_Omniwarp|x64.Build.0 = Debug_Omniwarp|x64
		{3ABC932E-A0F3-4F8F-80D9-E5756F57EA64}.Debug_Omniwarp|x86.ActiveCfg = Debug_Omniwarp|Win32
		{3ABC932E-A0F3-4F8F-80D9-E5756F57EA64}.Debug_Omniwarp|x86.Build.0 = Debug_Omniwarp|Win32
		{3ABC932E-A0F3-4F8F-80D9-E5756F57EA64}.Debug|x64.ActiveCfg = Debug|x64
		{3ABC932E-A0F3-4F8F-80D9-E5756F57EA64}.Debug|x64.Build.0 = Debug|x64
		{3ABC932E-A0F3-4F8F-80D9-E5756F57EA64}.Debug|x86.ActiveCfg = Debug|Win32
		{3ABC932E-A0F3-4F8F-80D9-E5756F57EA64}.Debug|x86.Build.0 = Debug|Win32
		{3ABC932E-A0F3-4F8F-80D9-E5756F57EA64}.Release Unity|x64.ActiveCfg = Release Unity|x64
		{3ABC932E-A0F3-4F8F-80D9-E5756F57EA64}.Release Unity|x64.Build.0 = Release Unity|x64
		{3ABC932E-A0F3-4F8F-80D9-E5756F57EA64}.Release Unity|x86.ActiveCfg = Release Unity|Win32
		{3ABC932E-A0F3-4F8F-80D9-E5756F57EA64}.Release Unity|x86.Build.0 = Release Unity|Win32
		{3ABC932E-A0F3-4F8F-80D9-E5756F57EA64}.Release Win7|x64.ActiveCfg = Release Win7|x64
		{3ABC932E-A0F3-4F8F-80D9-E5756F57EA64}.Release Win7|x64.Build.0 = Release Win7|x64
		{3ABC932E-A0F3-4F8F-80D9-E5756F57EA64}.Release Win7|x86.ActiveCfg = Release Win7|Win32
		{3ABC932E-A0F3-4F8F-80D9-E5756F57EA64}.Release Win7|x86.Build.0 = Release Win7|Win32
		{3ABC932E-A0F3-4F8F-80D9-E5756F57EA64}.Release|x64.ActiveCfg = Release|x64
		{3ABC932E-A0F3-4F8F-80D9-E5756F57EA64}.Release|x64.Build.0 = Release|x64
		{3ABC932E-A0F3-4F8F-80D9-E5756F57EA64}.Release|x86.ActiveCfg = Release|Win32
		{3ABC932E-A0F3-4F8F-80D9-E5756F57EA64}.Release|x86.Build.0 = Release|Win32
		{3ABC932E-A0F3-4F8F-80D9-E5756F57EA64}.ReleaseTitan|x64.ActiveCfg = ReleaseTitan|x64
		{3ABC932E-A0F3-4F8F-80D9-E5756F57EA64}.ReleaseTitan|x64.Build.0 = ReleaseTitan|x64
		{3ABC932E-A0F3-4F8F-80D9-E5756F57EA64}.ReleaseTitan|x86.ActiveCfg = ReleaseTitan|Win32
		{3ABC932E-A0F3-4F8F-80D9-E5756F57EA64}.ReleaseTitan|x86.Build.0 = ReleaseTitan|Win32
	EndGlobalSection
	GlobalSection(SolutionProperties) = preSolution
		HideSolutionNode = FALSE
	EndGlobalSection
	GlobalSection(ExtensibilityGlobals) = postSolution
		SolutionGuid = {9A1C55DF-36FA-481E-96FA-3FC26E74C86D}
	EndGlobalSection
EndGlobal
